
Microsoft Visual Studio Solution File, Format Version 12.00
# Visual Studio 15
VisualStudioVersion = 15.0.27703.2035
MinimumVisualStudioVersion = 10.0.40219.1
Project("{FAE04EC0-301F-11D3-BF4B-00C04F79EFBC}") = "GoNuts", "GoNuts\GoNuts.csproj", "{B7B658E7-5EA9-4C8C-80C2-366AE9CFCAC4}"
EndProject
Global
	GlobalSection(SolutionConfigurationPlatforms) = preSolution
		Debug|ARM = Debug|ARM
		Debug|x64 = Debug|x64
		Debug|x86 = Debug|x86
		Release|ARM = Release|ARM
		Release|x64 = Release|x64
		Release|x86 = Release|x86
	EndGlobalSection
	GlobalSection(ProjectConfigurationPlatforms) = postSolution
		{B7B658E7-5EA9-4C8C-80C2-366AE9CFCAC4}.Debug|ARM.ActiveCfg = Debug|ARM
		{B7B658E7-5EA9-4C8C-80C2-366AE9CFCAC4}.Debug|ARM.Build.0 = Debug|ARM
		{B7B658E7-5EA9-4C8C-80C2-366AE9CFCAC4}.Debug|ARM.Deploy.0 = Debug|ARM
		{B7B658E7-5EA9-4C8C-80C2-366AE9CFCAC4}.Debug|x64.ActiveCfg = Debug|x64
		{B7B658E7-5EA9-4C8C-80C2-366AE9CFCAC4}.Debug|x64.Build.0 = Debug|x64
		{B7B658E7-5EA9-4C8C-80C2-366AE9CFCAC4}.Debug|x64.Deploy.0 = Debug|x64
		{B7B658E7-5EA9-4C8C-80C2-366AE9CFCAC4}.Debug|x86.ActiveCfg = Debug|x86
		{B7B658E7-5EA9-4C8C-80C2-366AE9CFCAC4}.Debug|x86.Build.0 = Debug|x86
		{B7B658E7-5EA9-4C8C-80C2-366AE9CFCAC4}.Debug|x86.Deploy.0 = Debug|x86
		{B7B658E7-5EA9-4C8C-80C2-366AE9CFCAC4}.Release|ARM.ActiveCfg = Release|ARM
		{B7B658E7-5EA9-4C8C-80C2-366AE9CFCAC4}.Release|ARM.Build.0 = Release|ARM
		{B7B658E7-5EA9-4C8C-80C2-366AE9CFCAC4}.Release|ARM.Deploy.0 = Release|ARM
		{B7B658E7-5EA9-4C8C-80C2-366AE9CFCAC4}.Release|x64.ActiveCfg = Release|x64
		{B7B658E7-5EA9-4C8C-80C2-366AE9CFCAC4}.Release|x64.Build.0 = Release|x64
		{B7B658E7-5EA9-4C8C-80C2-366AE9CFCAC4}.Release|x64.Deploy.0 = Release|x64
		{B7B658E7-5EA9-4C8C-80C2-366AE9CFCAC4}.Release|x86.ActiveCfg = Release|x86
		{B7B658E7-5EA9-4C8C-80C2-366AE9CFCAC4}.Release|x86.Build.0 = Release|x86
		{B7B658E7-5EA9-4C8C-80C2-366AE9CFCAC4}.Release|x86.Deploy.0 = Release|x86
	EndGlobalSection
	GlobalSection(SolutionProperties) = preSolution
		HideSolutionNode = FALSE
	EndGlobalSection
	GlobalSection(ExtensibilityGlobals) = postSolution
		SolutionGuid = {B68857D0-98A6-470D-8031-01BFC7860A37}
	EndGlobalSection
EndGlobal
